
Microsoft Visual Studio Solution File, Format Version 12.00
# Visual Studio Version 17
VisualStudioVersion = 17.4.33122.133
MinimumVisualStudioVersion = 10.0.40219.1
Project("{FAE04EC0-301F-11D3-BF4B-00C04F79EFBC}") = "testprüfung", "testprüfung\testprüfung.csproj", "{C0E6CE81-1ED8-45B3-9EAD-0F7936DF3076}"
EndProject
Global
	GlobalSection(SolutionConfigurationPlatforms) = preSolution
		Debug|Any CPU = Debug|Any CPU
		Release|Any CPU = Release|Any CPU
	EndGlobalSection
	GlobalSection(ProjectConfigurationPlatforms) = postSolution
		{C0E6CE81-1ED8-45B3-9EAD-0F7936DF3076}.Debug|Any CPU.ActiveCfg = Debug|Any CPU
		{C0E6CE81-1ED8-45B3-9EAD-0F7936DF3076}.Debug|Any CPU.Build.0 = Debug|Any CPU
		{C0E6CE81-1ED8-45B3-9EAD-0F7936DF3076}.Release|Any CPU.ActiveCfg = Release|Any CPU
		{C0E6CE81-1ED8-45B3-9EAD-0F7936DF3076}.Release|Any CPU.Build.0 = Release|Any CPU
	EndGlobalSection
	GlobalSection(SolutionProperties) = preSolution
		HideSolutionNode = FALSE
	EndGlobalSection
	GlobalSection(ExtensibilityGlobals) = postSolution
		SolutionGuid = {864BA49D-5124-43EC-A24B-C0D98EC8FA83}
	EndGlobalSection
EndGlobal
